<?xml version="1.0" encoding="utf-8"?>
<Project ToolsVersion="4.0" xmlns="http://schemas.microsoft.com/developer/msbuild/2003">
  <ItemGroup>
    <Filter Include="Source Files">
      <UniqueIdentifier>{4FC737F1-C7A5-4376-A066-2A32D752A2FF}</UniqueIdentifier>
      <Extensions>cpp;c;cc;cxx;c++;cppm;ixx;def;odl;idl;hpj;bat;asm;asmx</Extensions>
    </Filter>
    <Filter Include="Header Files">
      <UniqueIdentifier>{93995380-89BD-4b04-88EB-625FBE52EBFB}</UniqueIdentifier>
      <Extensions>h;hh;hpp;hxx;h++;hm;inl;inc;ipp;xsd</Extensions>
    </Filter>
    <Filter Include="Resource Files">
      <UniqueIdentifier>{67DA6AB6-F800-4c08-8B7A-83BB121AAD01}</UniqueIdentifier>
      <Extensions>rc;ico;cur;bmp;dlg;rc2;rct;bin;rgs;gif;jpg;jpeg;jpe;resx;tiff;tif;png;wav;mfcribbon-ms</Extensions>
    </Filter>
    <Filter Include="Header Files\Map">
      <UniqueIdentifier>{4372eae7-c236-4801-84c5-8fdf6244a69e}</UniqueIdentifier>
    </Filter>
    <Filter Include="Source Files\Map">
      <UniqueIdentifier>{f23f4042-9505-4d0b-a10d-0e33c91ff168}</UniqueIdentifier>
    </Filter>
    <Filter Include="Header Files\Player">
      <UniqueIdentifier>{23e2fdfe-db01-4578-9f71-aa18e9ae36ad}</UniqueIdentifier>
    </Filter>
    <Filter Include="Source Files\Player">
      <UniqueIdentifier>{8e231fa2-961b-4ec9-bb9e-0065e696f236}</UniqueIdentifier>
    </Filter>
    <Filter Include="Source Files\Card">
      <UniqueIdentifier>{157971de-e3ff-4fd1-8221-be0659dd3d80}</UniqueIdentifier>
    </Filter>
    <Filter Include="Header Files\Card">
      <UniqueIdentifier>{1c27fb3b-a7e4-42ab-968b-f95be972a438}</UniqueIdentifier>
    </Filter>
    <Filter Include="Header Files\Orders">
      <UniqueIdentifier>{416f7e51-5f8b-4158-b526-495666775408}</UniqueIdentifier>
    </Filter>
	<Filter Include="Source Files\Orders">
		<UniqueIdentifier>{11db3291-223f-416f-aa3e-eac2f3ad31b6}</UniqueIdentifier>
	</Filter>
    <Filter Include="Header Files\MapLoader">
      <UniqueIdentifier>{884a5ce2-c204-4816-b47e-7edd3e24f114}</UniqueIdentifier>
    </Filter>
    <Filter Include="Source Files\MapLoader">
      <UniqueIdentifier>{32cab156-2ec2-4008-b1e4-e71f81ce29c9}</UniqueIdentifier>
    </Filter>
  </ItemGroup>
  <ItemGroup>
    <ClInclude Include="Map.h">
      <Filter>Header Files\Map</Filter>
    </ClInclude>
    <ClInclude Include="Player.h">
      <Filter>Header Files\Player</Filter>
    </ClInclude>
    <ClInclude Include="Card.h">
      <Filter>Header Files\Card</Filter>
    </ClInclude>
    <ClInclude Include="CardDriver.h">
      <Filter>Header Files\Card</Filter>
    </ClInclude>
    <ClInclude Include="Deck.h">
      <Filter>Header Files\Card</Filter>
    </ClInclude>
    <ClInclude Include="Hand.h">
      <Filter>Header Files\Card</Filter>
    </ClInclude>
    <ClInclude Include="Main.h">
      <Filter>Header Files</Filter>
    </ClInclude>
    <ClInclude Include="Cards.h">
      <Filter>Header Files</Filter>
    </ClInclude>
    <ClInclude Include="MapDriver.h">
      <Filter>Header Files\Map</Filter>
    </ClInclude>
    <ClInclude Include="Orders.h">
      <Filter>Header Files\Orders</Filter>
    </ClInclude>
    <ClInclude Include="OrdersDriver.h">
      <Filter>Header Files\Orders</Filter>
    </ClInclude>
	<ClInclude Include="MapLoader.h">
		<Filter>Header Files\MapLoader</Filter>
	</ClInclude>
    <ClInclude Include="PlayerDriver.h">
      <Filter>Header Files\Player</Filter>
    </ClInclude>
  </ItemGroup>
  <ItemGroup>
    <ClCompile Include="Map.cpp">
      <Filter>Source Files\Map</Filter>
    </ClCompile>
    <ClCompile Include="MapDriver.cpp">
      <Filter>Source Files\Map</Filter>
    </ClCompile>
    <ClCompile Include="Player.cpp">
      <Filter>Source Files\Player</Filter>
    </ClCompile>
    <ClCompile Include="CardDriver.cpp">
      <Filter>Source Files\Card</Filter>
    </ClCompile>
    <ClCompile Include="Deck.cpp">
      <Filter>Source Files\Card</Filter>
    </ClCompile>
    <ClCompile Include="Hand.cpp">
      <Filter>Source Files\Card</Filter>
    </ClCompile>
    <ClCompile Include="Card.cpp">
      <Filter>Source Files\Card</Filter>
    </ClCompile>
    <ClCompile Include="Main.cpp">
      <Filter>Source Files</Filter>
    </ClCompile>
    <ClCompile Include="Cards.cpp">
      <Filter>Source Files</Filter>
    </ClCompile>
    <ClCompile Include="Orders.cpp">
      <Filter>Source Files\Orders</Filter>
    </ClCompile>
	<ClCompile Include="OrdersDriver.cpp">
		<Filter>Source Files\Orders</Filter>
	</ClCompile>
    <ClCompile Include="MapLoader.cpp">
      <Filter>Source Files\MapLoader</Filter>
    </ClCompile>
    <ClCompile Include="MapLoaderDriver.cpp">
      <Filter>Source Files\MapLoader</Filter>
    </ClCompile>
    <ClCompile Include="PlayerDriver.cpp">
      <Filter>Source Files\Player</Filter>
    </ClCompile>
  </ItemGroup>
</Project>